// !$*UTF8*$!
{
	archiveVersion = 1;
	classes = {
	};
	objectVersion = 46;
	objects = {

/* Begin PBXBuildFile section */
		96199D101D65F9AF00AAAAF1 /* openvg.h in CopyFiles */ = {isa = PBXBuildFile; fileRef = 96199D0C1D65F99D00AAAAF1 /* openvg.h */; };
		96199D111D65F9B200AAAAF1 /* vgext.h in CopyFiles */ = {isa = PBXBuildFile; fileRef = 96199D0D1D65F99D00AAAAF1 /* vgext.h */; };
		96199D121D65F9B500AAAAF1 /* vgplatform.h in CopyFiles */ = {isa = PBXBuildFile; fileRef = 96199D0E1D65F99D00AAAAF1 /* vgplatform.h */; };
		96199D131D65F9B800AAAAF1 /* vgu.h in CopyFiles */ = {isa = PBXBuildFile; fileRef = 96199D0F1D65F99D00AAAAF1 /* vgu.h */; };
		96199D151D65FA1400AAAAF1 /* OpenVG.c in Sources */ = {isa = PBXBuildFile; fileRef = 96199D141D65FA1400AAAAF1 /* OpenVG.c */; };
/* End PBXBuildFile section */

/* Begin PBXCopyFilesBuildPhase section */
		96199CFD1D65F97C00AAAAF1 /* CopyFiles */ = {
			isa = PBXCopyFilesBuildPhase;
			buildActionMask = 2147483647;
			dstPath = include/VG;
			dstSubfolderSpec = 16;
			files = (
				96199D101D65F9AF00AAAAF1 /* openvg.h in CopyFiles */,
				96199D111D65F9B200AAAAF1 /* vgext.h in CopyFiles */,
				96199D121D65F9B500AAAAF1 /* vgplatform.h in CopyFiles */,
				96199D131D65F9B800AAAAF1 /* vgu.h in CopyFiles */,
			);
			runOnlyForDeploymentPostprocessing = 0;
		};
/* End PBXCopyFilesBuildPhase section */

/* Begin PBXFileReference section */
		96199CFF1D65F97C00AAAAF1 /* libOpenVG.a */ = {isa = PBXFileReference; explicitFileType = archive.ar; includeInIndex = 0; path = libOpenVG.a; sourceTree = BUILT_PRODUCTS_DIR; };
		96199D0C1D65F99D00AAAAF1 /* openvg.h */ = {isa = PBXFileReference; fileEncoding = 4; lastKnownFileType = sourcecode.c.h; path = openvg.h; sourceTree = "<group>"; };
		96199D0D1D65F99D00AAAAF1 /* vgext.h */ = {isa = PBXFileReference; fileEncoding = 4; lastKnownFileType = sourcecode.c.h; path = vgext.h; sourceTree = "<group>"; };
		96199D0E1D65F99D00AAAAF1 /* vgplatform.h */ = {isa = PBXFileReference; fileEncoding = 4; lastKnownFileType = sourcecode.c.h; path = vgplatform.h; sourceTree = "<group>"; };
		96199D0F1D65F99D00AAAAF1 /* vgu.h */ = {isa = PBXFileReference; fileEncoding = 4; lastKnownFileType = sourcecode.c.h; path = vgu.h; sourceTree = "<group>"; };
		96199D141D65FA1400AAAAF1 /* OpenVG.c */ = {isa = PBXFileReference; fileEncoding = 4; lastKnownFileType = sourcecode.c.c; path = OpenVG.c; sourceTree = "<group>"; };
/* End PBXFileReference section */

/* Begin PBXFrameworksBuildPhase section */
		96199CFC1D65F97C00AAAAF1 /* Frameworks */ = {
			isa = PBXFrameworksBuildPhase;
			buildActionMask = 2147483647;
			files = (
			);
			runOnlyForDeploymentPostprocessing = 0;
		};
/* End PBXFrameworksBuildPhase section */

/* Begin PBXGroup section */
		96199CF61D65F97C00AAAAF1 = {
			isa = PBXGroup;
			children = (
				96199D141D65FA1400AAAAF1 /* OpenVG.c */,
				96199D0B1D65F99D00AAAAF1 /* VG */,
				96199D001D65F97C00AAAAF1 /* Products */,
			);
			sourceTree = "<group>";
		};
		96199D001D65F97C00AAAAF1 /* Products */ = {
			isa = PBXGroup;
			children = (
				96199CFF1D65F97C00AAAAF1 /* libOpenVG.a */,
			);
			name = Products;
			sourceTree = "<group>";
		};
		96199D0B1D65F99D00AAAAF1 /* VG */ = {
			isa = PBXGroup;
			children = (
				96199D0C1D65F99D00AAAAF1 /* openvg.h */,
				96199D0D1D65F99D00AAAAF1 /* vgext.h */,
				96199D0E1D65F99D00AAAAF1 /* vgplatform.h */,
				96199D0F1D65F99D00AAAAF1 /* vgu.h */,
			);
			path = VG;
			sourceTree = "<group>";
		};
/* End PBXGroup section */

/* Begin PBXNativeTarget section */
		96199CFE1D65F97C00AAAAF1 /* OpenVG */ = {
			isa = PBXNativeTarget;
			buildConfigurationList = 96199D081D65F97C00AAAAF1 /* Build configuration list for PBXNativeTarget "OpenVG" */;
			buildPhases = (
				96199CFB1D65F97C00AAAAF1 /* Sources */,
				96199CFC1D65F97C00AAAAF1 /* Frameworks */,
				96199CFD1D65F97C00AAAAF1 /* CopyFiles */,
			);
			buildRules = (
			);
			dependencies = (
			);
			name = OpenVG;
			productName = OpenVG;
			productReference = 96199CFF1D65F97C00AAAAF1 /* libOpenVG.a */;
			productType = "com.apple.product-type.library.static";
		};
/* End PBXNativeTarget section */

/* Begin PBXProject section */
		96199CF71D65F97C00AAAAF1 /* Project object */ = {
			isa = PBXProject;
			attributes = {
				LastUpgradeCheck = 0800;
				ORGANIZATIONNAME = "Michel Donais";
				TargetAttributes = {
					96199CFE1D65F97C00AAAAF1 = {
						CreatedOnToolsVersion = 8.0;
						DevelopmentTeam = 6UA46ZJEU9;
						DevelopmentTeamName = "Michel Donais";
						ProvisioningStyle = Automatic;
					};
				};
			};
			buildConfigurationList = 96199CFA1D65F97C00AAAAF1 /* Build configuration list for PBXProject "OpenVG" */;
			compatibilityVersion = "Xcode 3.2";
			developmentRegion = English;
			hasScannedForEncodings = 0;
			knownRegions = (
				en,
			);
			mainGroup = 96199CF61D65F97C00AAAAF1;
			productRefGroup = 96199D001D65F97C00AAAAF1 /* Products */;
			projectDirPath = "";
			projectRoot = "";
			targets = (
				96199CFE1D65F97C00AAAAF1 /* OpenVG */,
			);
		};
/* End PBXProject section */

/* Begin PBXSourcesBuildPhase section */
		96199CFB1D65F97C00AAAAF1 /* Sources */ = {
			isa = PBXSourcesBuildPhase;
			buildActionMask = 2147483647;
			files = (
				96199D151D65FA1400AAAAF1 /* OpenVG.c in Sources */,
			);
			runOnlyForDeploymentPostprocessing = 0;
		};
/* End PBXSourcesBuildPhase section */

/* Begin XCBuildConfiguration section */
		96199D061D65F97C00AAAAF1 /* Debug */ = {
			isa = XCBuildConfiguration;
			buildSettings = {
				ALWAYS_SEARCH_USER_PATHS = NO;
				CLANG_ANALYZER_NONNULL = YES;
				CLANG_CXX_LANGUAGE_STANDARD = "gnu++0x";
				CLANG_CXX_LIBRARY = "libc++";
				CLANG_ENABLE_MODULES = YES;
				CLANG_ENABLE_OBJC_ARC = YES;
				CLANG_WARN_BOOL_CONVERSION = YES;
				CLANG_WARN_CONSTANT_CONVERSION = YES;
				CLANG_WARN_DIRECT_OBJC_ISA_USAGE = YES_ERROR;
				CLANG_WARN_DOCUMENTATION_COMMENTS = YES;
				CLANG_WARN_EMPTY_BODY = YES;
				CLANG_WARN_ENUM_CONVERSION = YES;
				CLANG_WARN_INT_CONVERSION = YES;
				CLANG_WARN_OBJC_ROOT_CLASS = YES_ERROR;
				CLANG_WARN_UNREACHABLE_CODE = YES;
				CLANG_WARN__DUPLICATE_METHOD_MATCH = YES;
				"CODE_SIGN_IDENTITY[sdk=iphoneos*]" = "iPhone Developer";
				COPY_PHASE_STRIP = NO;
				DEBUG_INFORMATION_FORMAT = dwarf;
				ENABLE_STRICT_OBJC_MSGSEND = YES;
				ENABLE_TESTABILITY = YES;
				GCC_C_LANGUAGE_STANDARD = gnu99;
				GCC_DYNAMIC_NO_PIC = NO;
				GCC_NO_COMMON_BLOCKS = YES;
				GCC_OPTIMIZATION_LEVEL = 0;
				GCC_PREPROCESSOR_DEFINITIONS = (
					"DEBUG=1",
					"$(inherited)",
				);
				GCC_WARN_64_TO_32_BIT_CONVERSION = YES;
				GCC_WARN_ABOUT_RETURN_TYPE = YES_ERROR;
				GCC_WARN_UNDECLARED_SELECTOR = YES;
				GCC_WARN_UNINITIALIZED_AUTOS = YES_AGGRESSIVE;
				GCC_WARN_UNUSED_FUNCTION = YES;
				GCC_WARN_UNUSED_VARIABLE = YES;
				IPHONEOS_DEPLOYMENT_TARGET = 10.0;
				MTL_ENABLE_DEBUG_INFO = YES;
				ONLY_ACTIVE_ARCH = YES;
				SDKROOT = iphoneos;
			};
			name = Debug;
		};
		96199D071D65F97C00AAAAF1 /* Release */ = {
			isa = XCBuildConfiguration;
			buildSettings = {
				ALWAYS_SEARCH_USER_PATHS = NO;
				CLANG_ANALYZER_NONNULL = YES;
				CLANG_CXX_LANGUAGE_STANDARD = "gnu++0x";
				CLANG_CXX_LIBRARY = "libc++";
				CLANG_ENABLE_MODULES = YES;
				CLANG_ENABLE_OBJC_ARC = YES;
				CLANG_WARN_BOOL_CONVERSION = YES;
				CLANG_WARN_CONSTANT_CONVERSION = YES;
				CLANG_WARN_DIRECT_OBJC_ISA_USAGE = YES_ERROR;
				CLANG_WARN_DOCUMENTATION_COMMENTS = YES;
				CLANG_WARN_EMPTY_BODY = YES;
				CLANG_WARN_ENUM_CONVERSION = YES;
				CLANG_WARN_INT_CONVERSION = YES;
				CLANG_WARN_OBJC_ROOT_CLASS = YES_ERROR;
				CLANG_WARN_UNREACHABLE_CODE = YES;
				CLANG_WARN__DUPLICATE_METHOD_MATCH = YES;
				"CODE_SIGN_IDENTITY[sdk=iphoneos*]" = "iPhone Developer";
				COPY_PHASE_STRIP = NO;
				DEBUG_INFORMATION_FORMAT = "dwarf-with-dsym";
				ENABLE_NS_ASSERTIONS = NO;
				ENABLE_STRICT_OBJC_MSGSEND = YES;
				GCC_C_LANGUAGE_STANDARD = gnu99;
				GCC_NO_COMMON_BLOCKS = YES;
				GCC_WARN_64_TO_32_BIT_CONVERSION = YES;
				GCC_WARN_ABOUT_RETURN_TYPE = YES_ERROR;
				GCC_WARN_UNDECLARED_SELECTOR = YES;
				GCC_WARN_UNINITIALIZED_AUTOS = YES_AGGRESSIVE;
				GCC_WARN_UNUSED_FUNCTION = YES;
				GCC_WARN_UNUSED_VARIABLE = YES;
				IPHONEOS_DEPLOYMENT_TARGET = 10.0;
				MTL_ENABLE_DEBUG_INFO = NO;
				SDKROOT = iphoneos;
				VALIDATE_PRODUCT = YES;
			};
			name = Release;
		};
		96199D091D65F97C00AAAAF1 /* Debug */ = {
			isa = XCBuildConfiguration;
			buildSettings = {
				OTHER_LDFLAGS = "-ObjC";
				PRODUCT_NAME = "$(TARGET_NAME)";
				SKIP_INSTALL = YES;
			};
			name = Debug;
		};
		96199D0A1D65F97C00AAAAF1 /* Release */ = {
			isa = XCBuildConfiguration;
			buildSettings = {
				OTHER_LDFLAGS = "-ObjC";
				PRODUCT_NAME = "$(TARGET_NAME)";
				SKIP_INSTALL = YES;
			};
			name = Release;
		};
/* End XCBuildConfiguration section */

/* Begin XCConfigurationList section */
		96199CFA1D65F97C00AAAAF1 /* Build configuration list for PBXProject "OpenVG" */ = {
			isa = XCConfigurationList;
			buildConfigurations = (
				96199D061D65F97C00AAAAF1 /* Debug */,
				96199D071D65F97C00AAAAF1 /* Release */,
			);
			defaultConfigurationIsVisible = 0;
			defaultConfigurationName = Release;
		};
		96199D081D65F97C00AAAAF1 /* Build configuration list for PBXNativeTarget "OpenVG" */ = {
			isa = XCConfigurationList;
			buildConfigurations = (
				96199D091D65F97C00AAAAF1 /* Debug */,
				96199D0A1D65F97C00AAAAF1 /* Release */,
			);
			defaultConfigurationIsVisible = 0;
			defaultConfigurationName = Release;
		};
/* End XCConfigurationList section */
	};
	rootObject = 96199CF71D65F97C00AAAAF1 /* Project object */;
}
